
Microsoft Visual Studio Solution File, Format Version 12.00
# Visual Studio Version 17
VisualStudioVersion = 17.11.35208.52
MinimumVisualStudioVersion = 10.0.40219.1
Project("{FAE04EC0-301F-11D3-BF4B-00C04F79EFBC}") = "Server", "Server\Server.csproj", "{DBC0F885-6FC8-425C-B67D-B28FAD8F56D3}"
EndProject
Global
	GlobalSection(SolutionConfigurationPlatforms) = preSolution
		Debug|Any CPU = Debug|Any CPU
		Release|Any CPU = Release|Any CPU
	EndGlobalSection
	GlobalSection(ProjectConfigurationPlatforms) = postSolution
		{DBC0F885-6FC8-425C-B67D-B28FAD8F56D3}.Debug|Any CPU.ActiveCfg = Debug|Any CPU
		{DBC0F885-6FC8-425C-B67D-B28FAD8F56D3}.Debug|Any CPU.Build.0 = Debug|Any CPU
		{DBC0F885-6FC8-425C-B67D-B28FAD8F56D3}.Release|Any CPU.ActiveCfg = Release|Any CPU
		{DBC0F885-6FC8-425C-B67D-B28FAD8F56D3}.Release|Any CPU.Build.0 = Release|Any CPU
	EndGlobalSection
	GlobalSection(SolutionProperties) = preSolution
		HideSolutionNode = FALSE
	EndGlobalSection
	GlobalSection(ExtensibilityGlobals) = postSolution
		SolutionGuid = {D8351B76-7A3B-4AAC-AA33-1C3C2720E453}
	EndGlobalSection
EndGlobal
